
Microsoft Visual Studio Solution File, Format Version 12.00
# Visual Studio Version 16
VisualStudioVersion = 16.0.30413.136
MinimumVisualStudioVersion = 10.0.40219.1
Project("{FAE04EC0-301F-11D3-BF4B-00C04F79EFBC}") = "WallEClock", "WallEClock\WallEClock.csproj", "{B812C5FA-EF8A-4C7E-9D1A-09F2D3E874BF}"
EndProject
Global
	GlobalSection(SolutionConfigurationPlatforms) = preSolution
		Debug|Any CPU = Debug|Any CPU
		Release|Any CPU = Release|Any CPU
	EndGlobalSection
	GlobalSection(ProjectConfigurationPlatforms) = postSolution
		{B812C5FA-EF8A-4C7E-9D1A-09F2D3E874BF}.Debug|Any CPU.ActiveCfg = Debug|Any CPU
		{B812C5FA-EF8A-4C7E-9D1A-09F2D3E874BF}.Debug|Any CPU.Build.0 = Debug|Any CPU
		{B812C5FA-EF8A-4C7E-9D1A-09F2D3E874BF}.Debug|Any CPU.Deploy.0 = Debug|Any CPU
		{B812C5FA-EF8A-4C7E-9D1A-09F2D3E874BF}.Release|Any CPU.ActiveCfg = Release|Any CPU
		{B812C5FA-EF8A-4C7E-9D1A-09F2D3E874BF}.Release|Any CPU.Build.0 = Release|Any CPU
		{B812C5FA-EF8A-4C7E-9D1A-09F2D3E874BF}.Release|Any CPU.Deploy.0 = Release|Any CPU
	EndGlobalSection
	GlobalSection(SolutionProperties) = preSolution
		HideSolutionNode = FALSE
	EndGlobalSection
	GlobalSection(ExtensibilityGlobals) = postSolution
		SolutionGuid = {4D47B138-7095-402A-9443-703FFB032B2E}
	EndGlobalSection
EndGlobal
